// !$*UTF8*$!
{
	archiveVersion = 1;
	classes = {
	};
	objectVersion = 50;
	objects = {

/* Begin PBXBuildFile section */
		B60ABEFB21821E020011301A /* WidgetStreakViewCell.swift in Sources */ = {isa = PBXBuildFile; fileRef = B60ABEFA21821E020011301A /* WidgetStreakViewCell.swift */; };
		B60E2C292215F5A200EAF376 /* MagicStrings.swift in Sources */ = {isa = PBXBuildFile; fileRef = B60E2C282215F5A200EAF376 /* MagicStrings.swift */; };
		B60E2C2A2215F5A200EAF376 /* MagicStrings.swift in Sources */ = {isa = PBXBuildFile; fileRef = B60E2C282215F5A200EAF376 /* MagicStrings.swift */; };
		B6126F432136FA160078B0A1 /* SaveScreenViewController.swift in Sources */ = {isa = PBXBuildFile; fileRef = B6126F422136FA160078B0A1 /* SaveScreenViewController.swift */; };
		B61884D4221F146900A7950D /* Assets.xcassets in Resources */ = {isa = PBXBuildFile; fileRef = B675679A2119FCD6000E2B74 /* Assets.xcassets */; };
		B61884D9221F5A2F00A7950D /* Localizable.strings in Resources */ = {isa = PBXBuildFile; fileRef = B61884DB221F5A2F00A7950D /* Localizable.strings */; };
		B61884E1221F621600A7950D /* Localizable.strings in Resources */ = {isa = PBXBuildFile; fileRef = B61884E3221F621600A7950D /* Localizable.strings */; };
		B61884E7221F6A8E00A7950D /* Localizable.strings in Resources */ = {isa = PBXBuildFile; fileRef = B61884E9221F6A8E00A7950D /* Localizable.strings */; };
		B61E12D02200AEA600F85AEF /* Launch Screen.storyboard in Resources */ = {isa = PBXBuildFile; fileRef = B61E12CF2200AEA600F85AEF /* Launch Screen.storyboard */; };
		B621611921501734002AD560 /* StreakCell.swift in Sources */ = {isa = PBXBuildFile; fileRef = B621611821501734002AD560 /* StreakCell.swift */; };
		B621611B2150461A002AD560 /* StreakCollectionViewHeader.swift in Sources */ = {isa = PBXBuildFile; fileRef = B621611A2150461A002AD560 /* StreakCollectionViewHeader.swift */; };
		B621611D21515461002AD560 /* StreakCollectionViewFooter.swift in Sources */ = {isa = PBXBuildFile; fileRef = B621611C21515461002AD560 /* StreakCollectionViewFooter.swift */; };
		B67567912119FCD3000E2B74 /* AppDelegate.swift in Sources */ = {isa = PBXBuildFile; fileRef = B67567902119FCD3000E2B74 /* AppDelegate.swift */; };
		B67567992119FCD3000E2B74 /* CountDays.xcdatamodeld in Sources */ = {isa = PBXBuildFile; fileRef = B67567972119FCD3000E2B74 /* CountDays.xcdatamodeld */; };
		B675679B2119FCD6000E2B74 /* Assets.xcassets in Resources */ = {isa = PBXBuildFile; fileRef = B675679A2119FCD6000E2B74 /* Assets.xcassets */; };
		B67C689E220E270700C6D9D0 /* TextFieldWithoutCopy.swift in Sources */ = {isa = PBXBuildFile; fileRef = B67C689D220E270700C6D9D0 /* TextFieldWithoutCopy.swift */; };
		B686BDDE22039AEC00B5F8F0 /* CoreDataStack.swift in Sources */ = {isa = PBXBuildFile; fileRef = B686BDDD22039AEC00B5F8F0 /* CoreDataStack.swift */; };
		B686BDE022039F6300B5F8F0 /* CountDays+Convenience.swift in Sources */ = {isa = PBXBuildFile; fileRef = B686BDDF22039F6300B5F8F0 /* CountDays+Convenience.swift */; };
		B686BDE22203A1A600B5F8F0 /* StreakController.swift in Sources */ = {isa = PBXBuildFile; fileRef = B686BDE12203A1A600B5F8F0 /* StreakController.swift */; };
		B6ADAEE521E8FC0D0049D86B /* CDNotificationDelegate.swift in Sources */ = {isa = PBXBuildFile; fileRef = B6ADAEE421E8FC0D0049D86B /* CDNotificationDelegate.swift */; };
		B6CCAE962178E89C00A65B0D /* NotificationCenter.framework in Frameworks */ = {isa = PBXBuildFile; fileRef = B6CCAE952178E89B00A65B0D /* NotificationCenter.framework */; };
		B6CCAE992178E89C00A65B0D /* TodayViewController.swift in Sources */ = {isa = PBXBuildFile; fileRef = B6CCAE982178E89C00A65B0D /* TodayViewController.swift */; };
		B6E92F0622138D0C00563F25 /* UserNotifications.framework in Frameworks */ = {isa = PBXBuildFile; fileRef = B6E92EDF22138C2B00563F25 /* UserNotifications.framework */; };
		B6E92F0722138D0C00563F25 /* UserNotificationsUI.framework in Frameworks */ = {isa = PBXBuildFile; fileRef = B6E92EE122138C2B00563F25 /* UserNotificationsUI.framework */; };
		B6E92F0A22138D0C00563F25 /* NotificationViewController.swift in Sources */ = {isa = PBXBuildFile; fileRef = B6E92F0922138D0C00563F25 /* NotificationViewController.swift */; };
		B6E92F0D22138D0C00563F25 /* MainInterface.storyboard in Resources */ = {isa = PBXBuildFile; fileRef = B6E92F0B22138D0C00563F25 /* MainInterface.storyboard */; };
		B6E92F1122138D0C00563F25 /* Content.appex in Embed App Extensions */ = {isa = PBXBuildFile; fileRef = B6E92F0522138D0C00563F25 /* Content.appex */; settings = {ATTRIBUTES = (RemoveHeadersOnCopy, ); }; };
		B6E92F552214869800563F25 /* UiColor+Extension.swift in Sources */ = {isa = PBXBuildFile; fileRef = B6216115214D7180002AD560 /* UiColor+Extension.swift */; };
		B6E92F562214874500563F25 /* UiColor+Extension.swift in Sources */ = {isa = PBXBuildFile; fileRef = B6216115214D7180002AD560 /* UiColor+Extension.swift */; };
		B6E92F5B221488DA00563F25 /* ViewWithProgressBar.swift in Sources */ = {isa = PBXBuildFile; fileRef = B6E92F5A221488DA00563F25 /* ViewWithProgressBar.swift */; };
		B6E92F8F2214E3FE00563F25 /* StreakController.swift in Sources */ = {isa = PBXBuildFile; fileRef = B686BDE12203A1A600B5F8F0 /* StreakController.swift */; };
		B6E92F902214E40700563F25 /* CountDays.xcdatamodeld in Sources */ = {isa = PBXBuildFile; fileRef = B67567972119FCD3000E2B74 /* CountDays.xcdatamodeld */; };
		B6E92F912214E40F00563F25 /* CoreDataStack.swift in Sources */ = {isa = PBXBuildFile; fileRef = B686BDDD22039AEC00B5F8F0 /* CoreDataStack.swift */; };
		B6E92F922214E41900563F25 /* CountDays+Convenience.swift in Sources */ = {isa = PBXBuildFile; fileRef = B686BDDF22039F6300B5F8F0 /* CountDays+Convenience.swift */; };
		B6F59595214C1E990059D67A /* StreakCollectionViewController.swift in Sources */ = {isa = PBXBuildFile; fileRef = B6F59594214C1E980059D67A /* StreakCollectionViewController.swift */; };
		B6F59597214C465B0059D67A /* StreakCollectionViewCell.swift in Sources */ = {isa = PBXBuildFile; fileRef = B6F59596214C465B0059D67A /* StreakCollectionViewCell.swift */; };
		B6FC061621CC228100E7B3B6 /* CloudKit.framework in Frameworks */ = {isa = PBXBuildFile; fileRef = B6FC061521CC228100E7B3B6 /* CloudKit.framework */; };
		B6FCC24A217900F300429F9E /* CountDays.xcdatamodeld in Sources */ = {isa = PBXBuildFile; fileRef = B67567972119FCD3000E2B74 /* CountDays.xcdatamodeld */; };
		B6FCC24C217A206600429F9E /* Assets.xcassets in Resources */ = {isa = PBXBuildFile; fileRef = B675679A2119FCD6000E2B74 /* Assets.xcassets */; };
/* End PBXBuildFile section */

/* Begin PBXContainerItemProxy section */
		B67567A52119FCD6000E2B74 /* PBXContainerItemProxy */ = {
			isa = PBXContainerItemProxy;
			containerPortal = B67567852119FCD3000E2B74 /* Project object */;
			proxyType = 1;
			remoteGlobalIDString = B675678C2119FCD3000E2B74;
			remoteInfo = CountDays;
		};
		B67567B02119FCD6000E2B74 /* PBXContainerItemProxy */ = {
			isa = PBXContainerItemProxy;
			containerPortal = B67567852119FCD3000E2B74 /* Project object */;
			proxyType = 1;
			remoteGlobalIDString = B675678C2119FCD3000E2B74;
			remoteInfo = CountDays;
		};
		B6E92F0F22138D0C00563F25 /* PBXContainerItemProxy */ = {
			isa = PBXContainerItemProxy;
			containerPortal = B67567852119FCD3000E2B74 /* Project object */;
			proxyType = 1;
			remoteGlobalIDString = B6E92F0422138D0C00563F25;
			remoteInfo = Content;
		};
/* End PBXContainerItemProxy section */

/* Begin PBXCopyFilesBuildPhase section */
		B6E92EF122138C2B00563F25 /* Embed App Extensions */ = {
			isa = PBXCopyFilesBuildPhase;
			buildActionMask = 2147483647;
			dstPath = "";
			dstSubfolderSpec = 13;
			files = (
				B6E92F1122138D0C00563F25 /* Content.appex in Embed App Extensions */,
			);
			name = "Embed App Extensions";
			runOnlyForDeploymentPostprocessing = 0;
		};
/* End PBXCopyFilesBuildPhase section */

/* Begin PBXFileReference section */
		B60ABEFA21821E020011301A /* WidgetStreakViewCell.swift */ = {isa = PBXFileReference; lastKnownFileType = sourcecode.swift; path = WidgetStreakViewCell.swift; sourceTree = "<group>"; };
		B60E2C282215F5A200EAF376 /* MagicStrings.swift */ = {isa = PBXFileReference; lastKnownFileType = sourcecode.swift; path = MagicStrings.swift; sourceTree = "<group>"; };
		B60E2C2B22160F8D00EAF376 /* CountDays v4.xcdatamodel */ = {isa = PBXFileReference; lastKnownFileType = wrapper.xcdatamodel; path = "CountDays v4.xcdatamodel"; sourceTree = "<group>"; };
		B6126F422136FA160078B0A1 /* SaveScreenViewController.swift */ = {isa = PBXFileReference; lastKnownFileType = sourcecode.swift; path = SaveScreenViewController.swift; sourceTree = "<group>"; };
		B61884D6221F576600A7950D /* de */ = {isa = PBXFileReference; lastKnownFileType = text.plist.strings; name = de; path = de.lproj/MainInterface.strings; sourceTree = "<group>"; };
		B61884DA221F5A2F00A7950D /* en */ = {isa = PBXFileReference; lastKnownFileType = text.plist.strings; name = en; path = en.lproj/Localizable.strings; sourceTree = "<group>"; };
		B61884DE221F605A00A7950D /* de */ = {isa = PBXFileReference; lastKnownFileType = text.plist.strings; name = de; path = de.lproj/Localizable.strings; sourceTree = "<group>"; };
		B61884E2221F621600A7950D /* en */ = {isa = PBXFileReference; lastKnownFileType = text.plist.strings; name = en; path = en.lproj/Localizable.strings; sourceTree = "<group>"; };
		B61884E4221F621E00A7950D /* de */ = {isa = PBXFileReference; lastKnownFileType = text.plist.strings; name = de; path = de.lproj/Localizable.strings; sourceTree = "<group>"; };
		B61884E8221F6A8E00A7950D /* en */ = {isa = PBXFileReference; lastKnownFileType = text.plist.strings; name = en; path = en.lproj/Localizable.strings; sourceTree = "<group>"; };
		B61884EA221F6A9000A7950D /* de */ = {isa = PBXFileReference; lastKnownFileType = text.plist.strings; name = de; path = de.lproj/Localizable.strings; sourceTree = "<group>"; };
		B61E12CF2200AEA600F85AEF /* Launch Screen.storyboard */ = {isa = PBXFileReference; fileEncoding = 4; lastKnownFileType = file.storyboard; path = "Launch Screen.storyboard"; sourceTree = "<group>"; };
		B6216115214D7180002AD560 /* UiColor+Extension.swift */ = {isa = PBXFileReference; lastKnownFileType = sourcecode.swift; path = "UiColor+Extension.swift"; sourceTree = "<group>"; };
		B621611821501734002AD560 /* StreakCell.swift */ = {isa = PBXFileReference; lastKnownFileType = sourcecode.swift; path = StreakCell.swift; sourceTree = "<group>"; };
		B621611A2150461A002AD560 /* StreakCollectionViewHeader.swift */ = {isa = PBXFileReference; lastKnownFileType = sourcecode.swift; path = StreakCollectionViewHeader.swift; sourceTree = "<group>"; };
		B621611C21515461002AD560 /* StreakCollectionViewFooter.swift */ = {isa = PBXFileReference; lastKnownFileType = sourcecode.swift; path = StreakCollectionViewFooter.swift; sourceTree = "<group>"; };
		B675678D2119FCD3000E2B74 /* CountDays.app */ = {isa = PBXFileReference; explicitFileType = wrapper.application; includeInIndex = 0; path = CountDays.app; sourceTree = BUILT_PRODUCTS_DIR; };
		B67567902119FCD3000E2B74 /* AppDelegate.swift */ = {isa = PBXFileReference; lastKnownFileType = sourcecode.swift; path = AppDelegate.swift; sourceTree = "<group>"; };
		B67567982119FCD3000E2B74 /* CountDays.xcdatamodel */ = {isa = PBXFileReference; lastKnownFileType = wrapper.xcdatamodel; path = CountDays.xcdatamodel; sourceTree = "<group>"; };
		B675679A2119FCD6000E2B74 /* Assets.xcassets */ = {isa = PBXFileReference; lastKnownFileType = folder.assetcatalog; path = Assets.xcassets; sourceTree = "<group>"; };
		B675679F2119FCD6000E2B74 /* Info.plist */ = {isa = PBXFileReference; lastKnownFileType = text.plist.xml; path = Info.plist; sourceTree = "<group>"; };
		B67567A42119FCD6000E2B74 /* CountDaysTests.xctest */ = {isa = PBXFileReference; explicitFileType = wrapper.cfbundle; includeInIndex = 0; path = CountDaysTests.xctest; sourceTree = BUILT_PRODUCTS_DIR; };
		B67567AF2119FCD6000E2B74 /* CountDaysUITests.xctest */ = {isa = PBXFileReference; explicitFileType = wrapper.cfbundle; includeInIndex = 0; path = CountDaysUITests.xctest; sourceTree = BUILT_PRODUCTS_DIR; };
		B67C689D220E270700C6D9D0 /* TextFieldWithoutCopy.swift */ = {isa = PBXFileReference; lastKnownFileType = sourcecode.swift; path = TextFieldWithoutCopy.swift; sourceTree = "<group>"; };
		B67C689F220E372E00C6D9D0 /* CountDays v3.xcdatamodel */ = {isa = PBXFileReference; lastKnownFileType = wrapper.xcdatamodel; path = "CountDays v3.xcdatamodel"; sourceTree = "<group>"; };
		B686BDDD22039AEC00B5F8F0 /* CoreDataStack.swift */ = {isa = PBXFileReference; lastKnownFileType = sourcecode.swift; path = CoreDataStack.swift; sourceTree = "<group>"; };
		B686BDDF22039F6300B5F8F0 /* CountDays+Convenience.swift */ = {isa = PBXFileReference; lastKnownFileType = sourcecode.swift; path = "CountDays+Convenience.swift"; sourceTree = "<group>"; };
		B686BDE12203A1A600B5F8F0 /* StreakController.swift */ = {isa = PBXFileReference; lastKnownFileType = sourcecode.swift; path = StreakController.swift; sourceTree = "<group>"; };
		B6ADAEE421E8FC0D0049D86B /* CDNotificationDelegate.swift */ = {isa = PBXFileReference; lastKnownFileType = sourcecode.swift; path = CDNotificationDelegate.swift; sourceTree = "<group>"; };
		B6B70BFC212DBC5700C20985 /* CountDays.entitlements */ = {isa = PBXFileReference; lastKnownFileType = text.plist.entitlements; path = CountDays.entitlements; sourceTree = "<group>"; };
		B6CCAE932178E89B00A65B0D /* DaysInARow Widget.appex */ = {isa = PBXFileReference; explicitFileType = "wrapper.app-extension"; includeInIndex = 0; path = "DaysInARow Widget.appex"; sourceTree = BUILT_PRODUCTS_DIR; };
		B6CCAE952178E89B00A65B0D /* NotificationCenter.framework */ = {isa = PBXFileReference; lastKnownFileType = wrapper.framework; name = NotificationCenter.framework; path = System/Library/Frameworks/NotificationCenter.framework; sourceTree = SDKROOT; };
		B6CCAE982178E89C00A65B0D /* TodayViewController.swift */ = {isa = PBXFileReference; lastKnownFileType = sourcecode.swift; path = TodayViewController.swift; sourceTree = "<group>"; };
		B6CCAE9D2178E89C00A65B0D /* Info.plist */ = {isa = PBXFileReference; lastKnownFileType = text.plist.xml; path = Info.plist; sourceTree = "<group>"; };
		B6CCAEA52178FE3E00A65B0D /* DaysInARow Widget.entitlements */ = {isa = PBXFileReference; lastKnownFileType = text.plist.entitlements; path = "DaysInARow Widget.entitlements"; sourceTree = "<group>"; };
		B6E92EDF22138C2B00563F25 /* UserNotifications.framework */ = {isa = PBXFileReference; lastKnownFileType = wrapper.framework; name = UserNotifications.framework; path = System/Library/Frameworks/UserNotifications.framework; sourceTree = SDKROOT; };
		B6E92EE122138C2B00563F25 /* UserNotificationsUI.framework */ = {isa = PBXFileReference; lastKnownFileType = wrapper.framework; name = UserNotificationsUI.framework; path = System/Library/Frameworks/UserNotificationsUI.framework; sourceTree = SDKROOT; };
		B6E92F0522138D0C00563F25 /* Content.appex */ = {isa = PBXFileReference; explicitFileType = "wrapper.app-extension"; includeInIndex = 0; path = Content.appex; sourceTree = BUILT_PRODUCTS_DIR; };
		B6E92F0922138D0C00563F25 /* NotificationViewController.swift */ = {isa = PBXFileReference; lastKnownFileType = sourcecode.swift; path = NotificationViewController.swift; sourceTree = "<group>"; };
		B6E92F0C22138D0C00563F25 /* Base */ = {isa = PBXFileReference; lastKnownFileType = file.storyboard; name = Base; path = Base.lproj/MainInterface.storyboard; sourceTree = "<group>"; };
		B6E92F0E22138D0C00563F25 /* Info.plist */ = {isa = PBXFileReference; lastKnownFileType = text.plist.xml; path = Info.plist; sourceTree = "<group>"; };
		B6E92F5A221488DA00563F25 /* ViewWithProgressBar.swift */ = {isa = PBXFileReference; lastKnownFileType = sourcecode.swift; path = ViewWithProgressBar.swift; sourceTree = "<group>"; };
		B6F59594214C1E980059D67A /* StreakCollectionViewController.swift */ = {isa = PBXFileReference; lastKnownFileType = sourcecode.swift; path = StreakCollectionViewController.swift; sourceTree = "<group>"; };
		B6F59596214C465B0059D67A /* StreakCollectionViewCell.swift */ = {isa = PBXFileReference; lastKnownFileType = sourcecode.swift; path = StreakCollectionViewCell.swift; sourceTree = "<group>"; };
		B6F902C122178D6200EDC337 /* Content.entitlements */ = {isa = PBXFileReference; lastKnownFileType = text.plist.entitlements; path = Content.entitlements; sourceTree = "<group>"; };
		B6FC061521CC228100E7B3B6 /* CloudKit.framework */ = {isa = PBXFileReference; lastKnownFileType = wrapper.framework; name = CloudKit.framework; path = System/Library/Frameworks/CloudKit.framework; sourceTree = SDKROOT; };
		B6FCF59A220B9EDF00EE0909 /* CountDays v2.xcdatamodel */ = {isa = PBXFileReference; lastKnownFileType = wrapper.xcdatamodel; path = "CountDays v2.xcdatamodel"; sourceTree = "<group>"; };
/* End PBXFileReference section */

/* Begin PBXFrameworksBuildPhase section */
		B675678A2119FCD3000E2B74 /* Frameworks */ = {
			isa = PBXFrameworksBuildPhase;
			buildActionMask = 2147483647;
			files = (
				B6FC061621CC228100E7B3B6 /* CloudKit.framework in Frameworks */,
			);
			runOnlyForDeploymentPostprocessing = 0;
		};
		B67567A12119FCD6000E2B74 /* Frameworks */ = {
			isa = PBXFrameworksBuildPhase;
			buildActionMask = 2147483647;
			files = (
			);
			runOnlyForDeploymentPostprocessing = 0;
		};
		B67567AC2119FCD6000E2B74 /* Frameworks */ = {
			isa = PBXFrameworksBuildPhase;
			buildActionMask = 2147483647;
			files = (
			);
			runOnlyForDeploymentPostprocessing = 0;
		};
		B6CCAE902178E89B00A65B0D /* Frameworks */ = {
			isa = PBXFrameworksBuildPhase;
			buildActionMask = 2147483647;
			files = (
				B6CCAE962178E89C00A65B0D /* NotificationCenter.framework in Frameworks */,
			);
			runOnlyForDeploymentPostprocessing = 0;
		};
		B6E92F0222138D0C00563F25 /* Frameworks */ = {
			isa = PBXFrameworksBuildPhase;
			buildActionMask = 2147483647;
			files = (
				B6E92F0722138D0C00563F25 /* UserNotificationsUI.framework in Frameworks */,
				B6E92F0622138D0C00563F25 /* UserNotifications.framework in Frameworks */,
			);
			runOnlyForDeploymentPostprocessing = 0;
		};
/* End PBXFrameworksBuildPhase section */

/* Begin PBXGroup section */
		B6126F4D2147245F0078B0A1 /* Model */ = {
			isa = PBXGroup;
			children = (
				B67567972119FCD3000E2B74 /* CountDays.xcdatamodeld */,
				B686BDDD22039AEC00B5F8F0 /* CoreDataStack.swift */,
				B686BDDF22039F6300B5F8F0 /* CountDays+Convenience.swift */,
			);
			name = Model;
			path = "New Group";
			sourceTree = "<group>";
		};
		B6216117215016FE002AD560 /* SaveScreenTableView */ = {
			isa = PBXGroup;
			children = (
				B6126F422136FA160078B0A1 /* SaveScreenViewController.swift */,
				B621611821501734002AD560 /* StreakCell.swift */,
			);
			path = SaveScreenTableView;
			sourceTree = "<group>";
		};
		B67567842119FCD3000E2B74 = {
			isa = PBXGroup;
			children = (
				B675678F2119FCD3000E2B74 /* CountDays */,
				B6CCAE972178E89C00A65B0D /* DaysInARow Widget */,
				B6E92F0822138D0C00563F25 /* Content */,
				B6CCAE942178E89B00A65B0D /* Frameworks */,
				B675678E2119FCD3000E2B74 /* Products */,
			);
			sourceTree = "<group>";
		};
		B675678E2119FCD3000E2B74 /* Products */ = {
			isa = PBXGroup;
			children = (
				B675678D2119FCD3000E2B74 /* CountDays.app */,
				B67567A42119FCD6000E2B74 /* CountDaysTests.xctest */,
				B67567AF2119FCD6000E2B74 /* CountDaysUITests.xctest */,
				B6CCAE932178E89B00A65B0D /* DaysInARow Widget.appex */,
				B6E92F0522138D0C00563F25 /* Content.appex */,
			);
			name = Products;
			sourceTree = "<group>";
		};
		B675678F2119FCD3000E2B74 /* CountDays */ = {
			isa = PBXGroup;
			children = (
				B6B70BFC212DBC5700C20985 /* CountDays.entitlements */,
				B67567902119FCD3000E2B74 /* AppDelegate.swift */,
				B61E12CF2200AEA600F85AEF /* Launch Screen.storyboard */,
				B686BDE32203A1B000B5F8F0 /* Controller */,
				B6126F4D2147245F0078B0A1 /* Model */,
				B6F59598214C48340059D67A /* StreakCollection */,
				B6216117215016FE002AD560 /* SaveScreenTableView */,
				B6216115214D7180002AD560 /* UiColor+Extension.swift */,
				B60E2C282215F5A200EAF376 /* MagicStrings.swift */,
				B67C689D220E270700C6D9D0 /* TextFieldWithoutCopy.swift */,
				B6ADAEE421E8FC0D0049D86B /* CDNotificationDelegate.swift */,
				B675679A2119FCD6000E2B74 /* Assets.xcassets */,
				B675679F2119FCD6000E2B74 /* Info.plist */,
				B61884DB221F5A2F00A7950D /* Localizable.strings */,
			);
			path = CountDays;
			sourceTree = "<group>";
		};
		B686BDE32203A1B000B5F8F0 /* Controller */ = {
			isa = PBXGroup;
			children = (
				B686BDE12203A1A600B5F8F0 /* StreakController.swift */,
			);
			path = Controller;
			sourceTree = "<group>";
		};
		B6CCAE942178E89B00A65B0D /* Frameworks */ = {
			isa = PBXGroup;
			children = (
				B6FC061521CC228100E7B3B6 /* CloudKit.framework */,
				B6CCAE952178E89B00A65B0D /* NotificationCenter.framework */,
				B6E92EDF22138C2B00563F25 /* UserNotifications.framework */,
				B6E92EE122138C2B00563F25 /* UserNotificationsUI.framework */,
			);
			name = Frameworks;
			sourceTree = "<group>";
		};
		B6CCAE972178E89C00A65B0D /* DaysInARow Widget */ = {
			isa = PBXGroup;
			children = (
				B6CCAEA52178FE3E00A65B0D /* DaysInARow Widget.entitlements */,
				B6CCAE982178E89C00A65B0D /* TodayViewController.swift */,
				B60ABEFA21821E020011301A /* WidgetStreakViewCell.swift */,
				B6CCAE9D2178E89C00A65B0D /* Info.plist */,
			);
			path = "DaysInARow Widget";
			sourceTree = "<group>";
		};
		B6E92F0822138D0C00563F25 /* Content */ = {
			isa = PBXGroup;
			children = (
				B6F902C122178D6200EDC337 /* Content.entitlements */,
				B6E92F0922138D0C00563F25 /* NotificationViewController.swift */,
				B6E92F0B22138D0C00563F25 /* MainInterface.storyboard */,
				B6E92F0E22138D0C00563F25 /* Info.plist */,
				B6E92F5A221488DA00563F25 /* ViewWithProgressBar.swift */,
				B61884E3221F621600A7950D /* Localizable.strings */,
			);
			path = Content;
			sourceTree = "<group>";
		};
		B6F59598214C48340059D67A /* StreakCollection */ = {
			isa = PBXGroup;
			children = (
				B61884E9221F6A8E00A7950D /* Localizable.strings */,
				B6F59594214C1E980059D67A /* StreakCollectionViewController.swift */,
				B6F59596214C465B0059D67A /* StreakCollectionViewCell.swift */,
				B621611A2150461A002AD560 /* StreakCollectionViewHeader.swift */,
				B621611C21515461002AD560 /* StreakCollectionViewFooter.swift */,
			);
			path = StreakCollection;
			sourceTree = "<group>";
		};
/* End PBXGroup section */

/* Begin PBXNativeTarget section */
		B675678C2119FCD3000E2B74 /* CountDays */ = {
			isa = PBXNativeTarget;
			buildConfigurationList = B67567B82119FCD6000E2B74 /* Build configuration list for PBXNativeTarget "CountDays" */;
			buildPhases = (
				B67567892119FCD3000E2B74 /* Sources */,
				B675678A2119FCD3000E2B74 /* Frameworks */,
				B675678B2119FCD3000E2B74 /* Resources */,
				B6E92EF122138C2B00563F25 /* Embed App Extensions */,
			);
			buildRules = (
			);
			dependencies = (
				B6E92F1022138D0C00563F25 /* PBXTargetDependency */,
			);
			name = CountDays;
			productName = CountDays;
			productReference = B675678D2119FCD3000E2B74 /* CountDays.app */;
			productType = "com.apple.product-type.application";
		};
		B67567A32119FCD6000E2B74 /* CountDaysTests */ = {
			isa = PBXNativeTarget;
			buildConfigurationList = B67567BB2119FCD6000E2B74 /* Build configuration list for PBXNativeTarget "CountDaysTests" */;
			buildPhases = (
				B67567A02119FCD6000E2B74 /* Sources */,
				B67567A12119FCD6000E2B74 /* Frameworks */,
				B67567A22119FCD6000E2B74 /* Resources */,
			);
			buildRules = (
			);
			dependencies = (
				B67567A62119FCD6000E2B74 /* PBXTargetDependency */,
			);
			name = CountDaysTests;
			productName = CountDaysTests;
			productReference = B67567A42119FCD6000E2B74 /* CountDaysTests.xctest */;
			productType = "com.apple.product-type.bundle.unit-test";
		};
		B67567AE2119FCD6000E2B74 /* CountDaysUITests */ = {
			isa = PBXNativeTarget;
			buildConfigurationList = B67567BE2119FCD6000E2B74 /* Build configuration list for PBXNativeTarget "CountDaysUITests" */;
			buildPhases = (
				B67567AB2119FCD6000E2B74 /* Sources */,
				B67567AC2119FCD6000E2B74 /* Frameworks */,
				B67567AD2119FCD6000E2B74 /* Resources */,
			);
			buildRules = (
			);
			dependencies = (
				B67567B12119FCD6000E2B74 /* PBXTargetDependency */,
			);
			name = CountDaysUITests;
			productName = CountDaysUITests;
			productReference = B67567AF2119FCD6000E2B74 /* CountDaysUITests.xctest */;
			productType = "com.apple.product-type.bundle.ui-testing";
		};
		B6CCAE922178E89B00A65B0D /* DaysInARow Widget */ = {
			isa = PBXNativeTarget;
			buildConfigurationList = B6CCAEA12178E89C00A65B0D /* Build configuration list for PBXNativeTarget "DaysInARow Widget" */;
			buildPhases = (
				B6CCAE8F2178E89B00A65B0D /* Sources */,
				B6CCAE902178E89B00A65B0D /* Frameworks */,
				B6CCAE912178E89B00A65B0D /* Resources */,
			);
			buildRules = (
			);
			dependencies = (
			);
			name = "DaysInARow Widget";
			productName = "DaysInARow Widget";
			productReference = B6CCAE932178E89B00A65B0D /* DaysInARow Widget.appex */;
			productType = "com.apple.product-type.app-extension";
		};
		B6E92F0422138D0C00563F25 /* Content */ = {
			isa = PBXNativeTarget;
			buildConfigurationList = B6E92F1222138D0C00563F25 /* Build configuration list for PBXNativeTarget "Content" */;
			buildPhases = (
				B6E92F0122138D0C00563F25 /* Sources */,
				B6E92F0222138D0C00563F25 /* Frameworks */,
				B6E92F0322138D0C00563F25 /* Resources */,
			);
			buildRules = (
			);
			dependencies = (
			);
			name = Content;
			productName = Content;
			productReference = B6E92F0522138D0C00563F25 /* Content.appex */;
			productType = "com.apple.product-type.app-extension";
		};
/* End PBXNativeTarget section */

/* Begin PBXProject section */
		B67567852119FCD3000E2B74 /* Project object */ = {
			isa = PBXProject;
			attributes = {
				LastSwiftUpdateCheck = 1010;
				LastUpgradeCheck = 0940;
				ORGANIZATIONNAME = "Dominic Lanzillotta";
				TargetAttributes = {
					B675678C2119FCD3000E2B74 = {
						CreatedOnToolsVersion = 9.4.1;
						LastSwiftMigration = 1000;
						SystemCapabilities = {
							com.apple.ApplicationGroups.iOS = {
								enabled = 1;
							};
							com.apple.BackgroundModes = {
								enabled = 1;
							};
							com.apple.DataProtection = {
								enabled = 0;
							};
							com.apple.Push = {
								enabled = 1;
							};
							com.apple.iCloud = {
								enabled = 1;
							};
						};
					};
					B67567A32119FCD6000E2B74 = {
						CreatedOnToolsVersion = 9.4.1;
						LastSwiftMigration = 1000;
						TestTargetID = B675678C2119FCD3000E2B74;
					};
					B67567AE2119FCD6000E2B74 = {
						CreatedOnToolsVersion = 9.4.1;
						LastSwiftMigration = 1000;
						TestTargetID = B675678C2119FCD3000E2B74;
					};
					B6CCAE922178E89B00A65B0D = {
						CreatedOnToolsVersion = 10.0;
						SystemCapabilities = {
							com.apple.ApplicationGroups.iOS = {
								enabled = 1;
							};
						};
					};
					B6E92F0422138D0C00563F25 = {
						CreatedOnToolsVersion = 10.1;
						SystemCapabilities = {
							com.apple.ApplicationGroups.iOS = {
								enabled = 1;
							};
						};
					};
				};
			};
			buildConfigurationList = B67567882119FCD3000E2B74 /* Build configuration list for PBXProject "CountDays" */;
			compatibilityVersion = "Xcode 9.3";
			developmentRegion = en;
			hasScannedForEncodings = 0;
			knownRegions = (
				en,
				Base,
				de,
			);
			mainGroup = B67567842119FCD3000E2B74;
			productRefGroup = B675678E2119FCD3000E2B74 /* Products */;
			projectDirPath = "";
			projectRoot = "";
			targets = (
				B675678C2119FCD3000E2B74 /* CountDays */,
				B67567A32119FCD6000E2B74 /* CountDaysTests */,
				B67567AE2119FCD6000E2B74 /* CountDaysUITests */,
				B6CCAE922178E89B00A65B0D /* DaysInARow Widget */,
				B6E92F0422138D0C00563F25 /* Content */,
			);
		};
/* End PBXProject section */

/* Begin PBXResourcesBuildPhase section */
		B675678B2119FCD3000E2B74 /* Resources */ = {
			isa = PBXResourcesBuildPhase;
			buildActionMask = 2147483647;
			files = (
				B61E12D02200AEA600F85AEF /* Launch Screen.storyboard in Resources */,
				B61884E7221F6A8E00A7950D /* Localizable.strings in Resources */,
				B61884D9221F5A2F00A7950D /* Localizable.strings in Resources */,
				B675679B2119FCD6000E2B74 /* Assets.xcassets in Resources */,
			);
			runOnlyForDeploymentPostprocessing = 0;
		};
		B67567A22119FCD6000E2B74 /* Resources */ = {
			isa = PBXResourcesBuildPhase;
			buildActionMask = 2147483647;
			files = (
			);
			runOnlyForDeploymentPostprocessing = 0;
		};
		B67567AD2119FCD6000E2B74 /* Resources */ = {
			isa = PBXResourcesBuildPhase;
			buildActionMask = 2147483647;
			files = (
			);
			runOnlyForDeploymentPostprocessing = 0;
		};
		B6CCAE912178E89B00A65B0D /* Resources */ = {
			isa = PBXResourcesBuildPhase;
			buildActionMask = 2147483647;
			files = (
				B6FCC24C217A206600429F9E /* Assets.xcassets in Resources */,
			);
			runOnlyForDeploymentPostprocessing = 0;
		};
		B6E92F0322138D0C00563F25 /* Resources */ = {
			isa = PBXResourcesBuildPhase;
			buildActionMask = 2147483647;
			files = (
				B61884D4221F146900A7950D /* Assets.xcassets in Resources */,
				B61884E1221F621600A7950D /* Localizable.strings in Resources */,
				B6E92F0D22138D0C00563F25 /* MainInterface.storyboard in Resources */,
			);
			runOnlyForDeploymentPostprocessing = 0;
		};
/* End PBXResourcesBuildPhase section */

/* Begin PBXSourcesBuildPhase section */
		B67567892119FCD3000E2B74 /* Sources */ = {
			isa = PBXSourcesBuildPhase;
			buildActionMask = 2147483647;
			files = (
				B621611B2150461A002AD560 /* StreakCollectionViewHeader.swift in Sources */,
				B621611D21515461002AD560 /* StreakCollectionViewFooter.swift in Sources */,
				B6ADAEE521E8FC0D0049D86B /* CDNotificationDelegate.swift in Sources */,
				B6F59595214C1E990059D67A /* StreakCollectionViewController.swift in Sources */,
				B60E2C292215F5A200EAF376 /* MagicStrings.swift in Sources */,
				B686BDE022039F6300B5F8F0 /* CountDays+Convenience.swift in Sources */,
				B686BDDE22039AEC00B5F8F0 /* CoreDataStack.swift in Sources */,
				B67567992119FCD3000E2B74 /* CountDays.xcdatamodeld in Sources */,
				B6126F432136FA160078B0A1 /* SaveScreenViewController.swift in Sources */,
				B67C689E220E270700C6D9D0 /* TextFieldWithoutCopy.swift in Sources */,
				B6E92F562214874500563F25 /* UiColor+Extension.swift in Sources */,
				B6F59597214C465B0059D67A /* StreakCollectionViewCell.swift in Sources */,
				B67567912119FCD3000E2B74 /* AppDelegate.swift in Sources */,
				B621611921501734002AD560 /* StreakCell.swift in Sources */,
				B686BDE22203A1A600B5F8F0 /* StreakController.swift in Sources */,
			);
			runOnlyForDeploymentPostprocessing = 0;
		};
		B67567A02119FCD6000E2B74 /* Sources */ = {
			isa = PBXSourcesBuildPhase;
			buildActionMask = 2147483647;
			files = (
			);
			runOnlyForDeploymentPostprocessing = 0;
		};
		B67567AB2119FCD6000E2B74 /* Sources */ = {
			isa = PBXSourcesBuildPhase;
			buildActionMask = 2147483647;
			files = (
			);
			runOnlyForDeploymentPostprocessing = 0;
		};
		B6CCAE8F2178E89B00A65B0D /* Sources */ = {
			isa = PBXSourcesBuildPhase;
			buildActionMask = 2147483647;
			files = (
				B60ABEFB21821E020011301A /* WidgetStreakViewCell.swift in Sources */,
				B6FCC24A217900F300429F9E /* CountDays.xcdatamodeld in Sources */,
				B6CCAE992178E89C00A65B0D /* TodayViewController.swift in Sources */,
			);
			runOnlyForDeploymentPostprocessing = 0;
		};
		B6E92F0122138D0C00563F25 /* Sources */ = {
			isa = PBXSourcesBuildPhase;
			buildActionMask = 2147483647;
			files = (
				B60E2C2A2215F5A200EAF376 /* MagicStrings.swift in Sources */,
				B6E92F5B221488DA00563F25 /* ViewWithProgressBar.swift in Sources */,
				B6E92F922214E41900563F25 /* CountDays+Convenience.swift in Sources */,
				B6E92F0A22138D0C00563F25 /* NotificationViewController.swift in Sources */,
				B6E92F552214869800563F25 /* UiColor+Extension.swift in Sources */,
				B6E92F912214E40F00563F25 /* CoreDataStack.swift in Sources */,
				B6E92F902214E40700563F25 /* CountDays.xcdatamodeld in Sources */,
				B6E92F8F2214E3FE00563F25 /* StreakController.swift in Sources */,
			);
			runOnlyForDeploymentPostprocessing = 0;
		};
/* End PBXSourcesBuildPhase section */

/* Begin PBXTargetDependency section */
		B67567A62119FCD6000E2B74 /* PBXTargetDependency */ = {
			isa = PBXTargetDependency;
			target = B675678C2119FCD3000E2B74 /* CountDays */;
			targetProxy = B67567A52119FCD6000E2B74 /* PBXContainerItemProxy */;
		};
		B67567B12119FCD6000E2B74 /* PBXTargetDependency */ = {
			isa = PBXTargetDependency;
			target = B675678C2119FCD3000E2B74 /* CountDays */;
			targetProxy = B67567B02119FCD6000E2B74 /* PBXContainerItemProxy */;
		};
		B6E92F1022138D0C00563F25 /* PBXTargetDependency */ = {
			isa = PBXTargetDependency;
			target = B6E92F0422138D0C00563F25 /* Content */;
			targetProxy = B6E92F0F22138D0C00563F25 /* PBXContainerItemProxy */;
		};
/* End PBXTargetDependency section */

/* Begin PBXVariantGroup section */
		B61884DB221F5A2F00A7950D /* Localizable.strings */ = {
			isa = PBXVariantGroup;
			children = (
				B61884DA221F5A2F00A7950D /* en */,
				B61884DE221F605A00A7950D /* de */,
			);
			name = Localizable.strings;
			sourceTree = "<group>";
		};
		B61884E3221F621600A7950D /* Localizable.strings */ = {
			isa = PBXVariantGroup;
			children = (
				B61884E2221F621600A7950D /* en */,
				B61884E4221F621E00A7950D /* de */,
			);
			name = Localizable.strings;
			sourceTree = "<group>";
		};
		B61884E9221F6A8E00A7950D /* Localizable.strings */ = {
			isa = PBXVariantGroup;
			children = (
				B61884E8221F6A8E00A7950D /* en */,
				B61884EA221F6A9000A7950D /* de */,
			);
			name = Localizable.strings;
			sourceTree = "<group>";
		};
		B6E92F0B22138D0C00563F25 /* MainInterface.storyboard */ = {
			isa = PBXVariantGroup;
			children = (
				B6E92F0C22138D0C00563F25 /* Base */,
				B61884D6221F576600A7950D /* de */,
			);
			name = MainInterface.storyboard;
			sourceTree = "<group>";
		};
/* End PBXVariantGroup section */

/* Begin XCBuildConfiguration section */
		B67567B62119FCD6000E2B74 /* Debug */ = {
			isa = XCBuildConfiguration;
			buildSettings = {
				ALWAYS_SEARCH_USER_PATHS = NO;
				CLANG_ANALYZER_LOCALIZABILITY_NONLOCALIZED = YES;
				CLANG_ANALYZER_NONNULL = YES;
				CLANG_ANALYZER_NUMBER_OBJECT_CONVERSION = YES_AGGRESSIVE;
				CLANG_CXX_LANGUAGE_STANDARD = "gnu++14";
				CLANG_CXX_LIBRARY = "libc++";
				CLANG_ENABLE_MODULES = YES;
				CLANG_ENABLE_OBJC_ARC = YES;
				CLANG_ENABLE_OBJC_WEAK = YES;
				CLANG_WARN_BLOCK_CAPTURE_AUTORELEASING = YES;
				CLANG_WARN_BOOL_CONVERSION = YES;
				CLANG_WARN_COMMA = YES;
				CLANG_WARN_CONSTANT_CONVERSION = YES;
				CLANG_WARN_DEPRECATED_OBJC_IMPLEMENTATIONS = YES;
				CLANG_WARN_DIRECT_OBJC_ISA_USAGE = YES_ERROR;
				CLANG_WARN_DOCUMENTATION_COMMENTS = YES;
				CLANG_WARN_EMPTY_BODY = YES;
				CLANG_WARN_ENUM_CONVERSION = YES;
				CLANG_WARN_INFINITE_RECURSION = YES;
				CLANG_WARN_INT_CONVERSION = YES;
				CLANG_WARN_NON_LITERAL_NULL_CONVERSION = YES;
				CLANG_WARN_OBJC_IMPLICIT_RETAIN_SELF = YES;
				CLANG_WARN_OBJC_LITERAL_CONVERSION = YES;
				CLANG_WARN_OBJC_ROOT_CLASS = YES_ERROR;
				CLANG_WARN_RANGE_LOOP_ANALYSIS = YES;
				CLANG_WARN_STRICT_PROTOTYPES = YES;
				CLANG_WARN_SUSPICIOUS_MOVE = YES;
				CLANG_WARN_UNGUARDED_AVAILABILITY = YES_AGGRESSIVE;
				CLANG_WARN_UNREACHABLE_CODE = YES;
				CLANG_WARN__DUPLICATE_METHOD_MATCH = YES;
				CODE_SIGN_IDENTITY = "iPhone Developer";
				COPY_PHASE_STRIP = NO;
				DEBUG_INFORMATION_FORMAT = dwarf;
				ENABLE_STRICT_OBJC_MSGSEND = YES;
				ENABLE_TESTABILITY = YES;
				GCC_C_LANGUAGE_STANDARD = gnu11;
				GCC_DYNAMIC_NO_PIC = NO;
				GCC_NO_COMMON_BLOCKS = YES;
				GCC_OPTIMIZATION_LEVEL = 0;
				GCC_PREPROCESSOR_DEFINITIONS = (
					"DEBUG=1",
					"$(inherited)",
				);
				GCC_WARN_64_TO_32_BIT_CONVERSION = YES;
				GCC_WARN_ABOUT_RETURN_TYPE = YES_ERROR;
				GCC_WARN_UNDECLARED_SELECTOR = YES;
				GCC_WARN_UNINITIALIZED_AUTOS = YES_AGGRESSIVE;
				GCC_WARN_UNUSED_FUNCTION = YES;
				GCC_WARN_UNUSED_VARIABLE = YES;
				IPHONEOS_DEPLOYMENT_TARGET = 11.4;
				MTL_ENABLE_DEBUG_INFO = YES;
				ONLY_ACTIVE_ARCH = YES;
				SDKROOT = iphoneos;
				SWIFT_ACTIVE_COMPILATION_CONDITIONS = DEBUG;
				SWIFT_OPTIMIZATION_LEVEL = "-Onone";
			};
			name = Debug;
		};
		B67567B72119FCD6000E2B74 /* Release */ = {
			isa = XCBuildConfiguration;
			buildSettings = {
				ALWAYS_SEARCH_USER_PATHS = NO;
				CLANG_ANALYZER_LOCALIZABILITY_NONLOCALIZED = YES;
				CLANG_ANALYZER_NONNULL = YES;
				CLANG_ANALYZER_NUMBER_OBJECT_CONVERSION = YES_AGGRESSIVE;
				CLANG_CXX_LANGUAGE_STANDARD = "gnu++14";
				CLANG_CXX_LIBRARY = "libc++";
				CLANG_ENABLE_MODULES = YES;
				CLANG_ENABLE_OBJC_ARC = YES;
				CLANG_ENABLE_OBJC_WEAK = YES;
				CLANG_WARN_BLOCK_CAPTURE_AUTORELEASING = YES;
				CLANG_WARN_BOOL_CONVERSION = YES;
				CLANG_WARN_COMMA = YES;
				CLANG_WARN_CONSTANT_CONVERSION = YES;
				CLANG_WARN_DEPRECATED_OBJC_IMPLEMENTATIONS = YES;
				CLANG_WARN_DIRECT_OBJC_ISA_USAGE = YES_ERROR;
				CLANG_WARN_DOCUMENTATION_COMMENTS = YES;
				CLANG_WARN_EMPTY_BODY = YES;
				CLANG_WARN_ENUM_CONVERSION = YES;
				CLANG_WARN_INFINITE_RECURSION = YES;
				CLANG_WARN_INT_CONVERSION = YES;
				CLANG_WARN_NON_LITERAL_NULL_CONVERSION = YES;
				CLANG_WARN_OBJC_IMPLICIT_RETAIN_SELF = YES;
				CLANG_WARN_OBJC_LITERAL_CONVERSION = YES;
				CLANG_WARN_OBJC_ROOT_CLASS = YES_ERROR;
				CLANG_WARN_RANGE_LOOP_ANALYSIS = YES;
				CLANG_WARN_STRICT_PROTOTYPES = YES;
				CLANG_WARN_SUSPICIOUS_MOVE = YES;
				CLANG_WARN_UNGUARDED_AVAILABILITY = YES_AGGRESSIVE;
				CLANG_WARN_UNREACHABLE_CODE = YES;
				CLANG_WARN__DUPLICATE_METHOD_MATCH = YES;
				CODE_SIGN_IDENTITY = "iPhone Developer";
				COPY_PHASE_STRIP = NO;
				DEBUG_INFORMATION_FORMAT = "dwarf-with-dsym";
				ENABLE_NS_ASSERTIONS = NO;
				ENABLE_STRICT_OBJC_MSGSEND = YES;
				GCC_C_LANGUAGE_STANDARD = gnu11;
				GCC_NO_COMMON_BLOCKS = YES;
				GCC_WARN_64_TO_32_BIT_CONVERSION = YES;
				GCC_WARN_ABOUT_RETURN_TYPE = YES_ERROR;
				GCC_WARN_UNDECLARED_SELECTOR = YES;
				GCC_WARN_UNINITIALIZED_AUTOS = YES_AGGRESSIVE;
				GCC_WARN_UNUSED_FUNCTION = YES;
				GCC_WARN_UNUSED_VARIABLE = YES;
				IPHONEOS_DEPLOYMENT_TARGET = 11.4;
				MTL_ENABLE_DEBUG_INFO = NO;
				SDKROOT = iphoneos;
				SWIFT_COMPILATION_MODE = wholemodule;
				SWIFT_OPTIMIZATION_LEVEL = "-O";
				VALIDATE_PRODUCT = YES;
			};
			name = Release;
		};
		B67567B92119FCD6000E2B74 /* Debug */ = {
			isa = XCBuildConfiguration;
			buildSettings = {
				ALWAYS_EMBED_SWIFT_STANDARD_LIBRARIES = YES;
				ASSETCATALOG_COMPILER_APPICON_NAME = AppIcon;
				CODE_SIGN_ENTITLEMENTS = CountDays/CountDays.entitlements;
				CODE_SIGN_STYLE = Automatic;
				DEVELOPMENT_TEAM = J6B8ZX28ZW;
				INFOPLIST_FILE = CountDays/Info.plist;
				IPHONEOS_DEPLOYMENT_TARGET = 12.0;
				LD_RUNPATH_SEARCH_PATHS = (
					"$(inherited)",
					"@executable_path/Frameworks",
				);
				PRODUCT_BUNDLE_IDENTIFIER = oskman.CountDays;
				PRODUCT_NAME = "$(TARGET_NAME)";
				SWIFT_VERSION = 4.0;
				TARGETED_DEVICE_FAMILY = 1;
			};
			name = Debug;
		};
		B67567BA2119FCD6000E2B74 /* Release */ = {
			isa = XCBuildConfiguration;
			buildSettings = {
				ALWAYS_EMBED_SWIFT_STANDARD_LIBRARIES = YES;
				ASSETCATALOG_COMPILER_APPICON_NAME = AppIcon;
				CODE_SIGN_ENTITLEMENTS = CountDays/CountDays.entitlements;
				CODE_SIGN_STYLE = Automatic;
				DEVELOPMENT_TEAM = J6B8ZX28ZW;
				INFOPLIST_FILE = CountDays/Info.plist;
				IPHONEOS_DEPLOYMENT_TARGET = 12.0;
				LD_RUNPATH_SEARCH_PATHS = (
					"$(inherited)",
					"@executable_path/Frameworks",
				);
				PRODUCT_BUNDLE_IDENTIFIER = oskman.CountDays;
				PRODUCT_NAME = "$(TARGET_NAME)";
				SWIFT_VERSION = 4.0;
				TARGETED_DEVICE_FAMILY = 1;
			};
			name = Release;
		};
		B67567BC2119FCD6000E2B74 /* Debug */ = {
			isa = XCBuildConfiguration;
			buildSettings = {
				ALWAYS_EMBED_SWIFT_STANDARD_LIBRARIES = YES;
				BUNDLE_LOADER = "$(TEST_HOST)";
				CODE_SIGN_STYLE = Automatic;
				DEVELOPMENT_TEAM = J6B8ZX28ZW;
				INFOPLIST_FILE = CountDaysTests/Info.plist;
				LD_RUNPATH_SEARCH_PATHS = (
					"$(inherited)",
					"@executable_path/Frameworks",
					"@loader_path/Frameworks",
				);
				PRODUCT_BUNDLE_IDENTIFIER = oskman.CountDaysTests;
				PRODUCT_NAME = "$(TARGET_NAME)";
				SWIFT_VERSION = 4.0;
				TARGETED_DEVICE_FAMILY = "1,2";
				TEST_HOST = "$(BUILT_PRODUCTS_DIR)/CountDays.app/CountDays";
			};
			name = Debug;
		};
		B67567BD2119FCD6000E2B74 /* Release */ = {
			isa = XCBuildConfiguration;
			buildSettings = {
				ALWAYS_EMBED_SWIFT_STANDARD_LIBRARIES = YES;
				BUNDLE_LOADER = "$(TEST_HOST)";
				CODE_SIGN_STYLE = Automatic;
				DEVELOPMENT_TEAM = J6B8ZX28ZW;
				INFOPLIST_FILE = CountDaysTests/Info.plist;
				LD_RUNPATH_SEARCH_PATHS = (
					"$(inherited)",
					"@executable_path/Frameworks",
					"@loader_path/Frameworks",
				);
				PRODUCT_BUNDLE_IDENTIFIER = oskman.CountDaysTests;
				PRODUCT_NAME = "$(TARGET_NAME)";
				SWIFT_VERSION = 4.0;
				TARGETED_DEVICE_FAMILY = "1,2";
				TEST_HOST = "$(BUILT_PRODUCTS_DIR)/CountDays.app/CountDays";
			};
			name = Release;
		};
		B67567BF2119FCD6000E2B74 /* Debug */ = {
			isa = XCBuildConfiguration;
			buildSettings = {
				ALWAYS_EMBED_SWIFT_STANDARD_LIBRARIES = YES;
				CODE_SIGN_STYLE = Automatic;
				DEVELOPMENT_TEAM = J6B8ZX28ZW;
				INFOPLIST_FILE = CountDaysUITests/Info.plist;
				LD_RUNPATH_SEARCH_PATHS = (
					"$(inherited)",
					"@executable_path/Frameworks",
					"@loader_path/Frameworks",
				);
				PRODUCT_BUNDLE_IDENTIFIER = oskman.CountDaysUITests;
				PRODUCT_NAME = "$(TARGET_NAME)";
				SWIFT_VERSION = 4.0;
				TARGETED_DEVICE_FAMILY = "1,2";
				TEST_TARGET_NAME = CountDays;
			};
			name = Debug;
		};
		B67567C02119FCD6000E2B74 /* Release */ = {
			isa = XCBuildConfiguration;
			buildSettings = {
				ALWAYS_EMBED_SWIFT_STANDARD_LIBRARIES = YES;
				CODE_SIGN_STYLE = Automatic;
				DEVELOPMENT_TEAM = J6B8ZX28ZW;
				INFOPLIST_FILE = CountDaysUITests/Info.plist;
				LD_RUNPATH_SEARCH_PATHS = (
					"$(inherited)",
					"@executable_path/Frameworks",
					"@loader_path/Frameworks",
				);
				PRODUCT_BUNDLE_IDENTIFIER = oskman.CountDaysUITests;
				PRODUCT_NAME = "$(TARGET_NAME)";
				SWIFT_VERSION = 4.0;
				TARGETED_DEVICE_FAMILY = "1,2";
				TEST_TARGET_NAME = CountDays;
			};
			name = Release;
		};
		B6CCAEA22178E89C00A65B0D /* Debug */ = {
			isa = XCBuildConfiguration;
			buildSettings = {
				CODE_SIGN_ENTITLEMENTS = "DaysInARow Widget/DaysInARow Widget.entitlements";
				CODE_SIGN_STYLE = Automatic;
				DEVELOPMENT_TEAM = J6B8ZX28ZW;
				INFOPLIST_FILE = "DaysInARow Widget/Info.plist";
				IPHONEOS_DEPLOYMENT_TARGET = 11.4;
				LD_RUNPATH_SEARCH_PATHS = (
					"$(inherited)",
					"@executable_path/Frameworks",
					"@executable_path/../../Frameworks",
				);
				MTL_ENABLE_DEBUG_INFO = INCLUDE_SOURCE;
				MTL_FAST_MATH = YES;
				PRODUCT_BUNDLE_IDENTIFIER = "oskman.CountDays.DaysInARow-Widget";
				PRODUCT_NAME = "$(TARGET_NAME)";
				SKIP_INSTALL = YES;
				SWIFT_VERSION = 4.2;
				TARGETED_DEVICE_FAMILY = 1;
			};
			name = Debug;
		};
		B6CCAEA32178E89C00A65B0D /* Release */ = {
			isa = XCBuildConfiguration;
			buildSettings = {
				CODE_SIGN_ENTITLEMENTS = "DaysInARow Widget/DaysInARow Widget.entitlements";
				CODE_SIGN_STYLE = Automatic;
				DEVELOPMENT_TEAM = J6B8ZX28ZW;
				INFOPLIST_FILE = "DaysInARow Widget/Info.plist";
				IPHONEOS_DEPLOYMENT_TARGET = 11.4;
				LD_RUNPATH_SEARCH_PATHS = (
					"$(inherited)",
					"@executable_path/Frameworks",
					"@executable_path/../../Frameworks",
				);
				MTL_FAST_MATH = YES;
				PRODUCT_BUNDLE_IDENTIFIER = "oskman.CountDays.DaysInARow-Widget";
				PRODUCT_NAME = "$(TARGET_NAME)";
				SKIP_INSTALL = YES;
				SWIFT_VERSION = 4.2;
				TARGETED_DEVICE_FAMILY = 1;
			};
			name = Release;
		};
		B6E92F1322138D0C00563F25 /* Debug */ = {
			isa = XCBuildConfiguration;
			buildSettings = {
				CODE_SIGN_ENTITLEMENTS = Content/Content.entitlements;
				CODE_SIGN_STYLE = Automatic;
				DEVELOPMENT_TEAM = J6B8ZX28ZW;
				INFOPLIST_FILE = Content/Info.plist;
				IPHONEOS_DEPLOYMENT_TARGET = 12.1;
				LD_RUNPATH_SEARCH_PATHS = (
					"$(inherited)",
					"@executable_path/Frameworks",
					"@executable_path/../../Frameworks",
				);
				MTL_ENABLE_DEBUG_INFO = INCLUDE_SOURCE;
				MTL_FAST_MATH = YES;
				PRODUCT_BUNDLE_IDENTIFIER = oskman.CountDays.Content;
				PRODUCT_NAME = "$(TARGET_NAME)";
				SKIP_INSTALL = YES;
				SWIFT_VERSION = 4.2;
				TARGETED_DEVICE_FAMILY = "1,2";
			};
			name = Debug;
		};
		B6E92F1422138D0C00563F25 /* Release */ = {
			isa = XCBuildConfiguration;
			buildSettings = {
				CODE_SIGN_ENTITLEMENTS = Content/Content.entitlements;
				CODE_SIGN_STYLE = Automatic;
				DEVELOPMENT_TEAM = J6B8ZX28ZW;
				INFOPLIST_FILE = Content/Info.plist;
				IPHONEOS_DEPLOYMENT_TARGET = 12.1;
				LD_RUNPATH_SEARCH_PATHS = (
					"$(inherited)",
					"@executable_path/Frameworks",
					"@executable_path/../../Frameworks",
				);
				MTL_FAST_MATH = YES;
				PRODUCT_BUNDLE_IDENTIFIER = oskman.CountDays.Content;
				PRODUCT_NAME = "$(TARGET_NAME)";
				SKIP_INSTALL = YES;
				SWIFT_VERSION = 4.2;
				TARGETED_DEVICE_FAMILY = "1,2";
			};
			name = Release;
		};
/* End XCBuildConfiguration section */

/* Begin XCConfigurationList section */
		B67567882119FCD3000E2B74 /* Build configuration list for PBXProject "CountDays" */ = {
			isa = XCConfigurationList;
			buildConfigurations = (
				B67567B62119FCD6000E2B74 /* Debug */,
				B67567B72119FCD6000E2B74 /* Release */,
			);
			defaultConfigurationIsVisible = 0;
			defaultConfigurationName = Release;
		};
		B67567B82119FCD6000E2B74 /* Build configuration list for PBXNativeTarget "CountDays" */ = {
			isa = XCConfigurationList;
			buildConfigurations = (
				B67567B92119FCD6000E2B74 /* Debug */,
				B67567BA2119FCD6000E2B74 /* Release */,
			);
			defaultConfigurationIsVisible = 0;
			defaultConfigurationName = Release;
		};
		B67567BB2119FCD6000E2B74 /* Build configuration list for PBXNativeTarget "CountDaysTests" */ = {
			isa = XCConfigurationList;
			buildConfigurations = (
				B67567BC2119FCD6000E2B74 /* Debug */,
				B67567BD2119FCD6000E2B74 /* Release */,
			);
			defaultConfigurationIsVisible = 0;
			defaultConfigurationName = Release;
		};
		B67567BE2119FCD6000E2B74 /* Build configuration list for PBXNativeTarget "CountDaysUITests" */ = {
			isa = XCConfigurationList;
			buildConfigurations = (
				B67567BF2119FCD6000E2B74 /* Debug */,
				B67567C02119FCD6000E2B74 /* Release */,
			);
			defaultConfigurationIsVisible = 0;
			defaultConfigurationName = Release;
		};
		B6CCAEA12178E89C00A65B0D /* Build configuration list for PBXNativeTarget "DaysInARow Widget" */ = {
			isa = XCConfigurationList;
			buildConfigurations = (
				B6CCAEA22178E89C00A65B0D /* Debug */,
				B6CCAEA32178E89C00A65B0D /* Release */,
			);
			defaultConfigurationIsVisible = 0;
			defaultConfigurationName = Release;
		};
		B6E92F1222138D0C00563F25 /* Build configuration list for PBXNativeTarget "Content" */ = {
			isa = XCConfigurationList;
			buildConfigurations = (
				B6E92F1322138D0C00563F25 /* Debug */,
				B6E92F1422138D0C00563F25 /* Release */,
			);
			defaultConfigurationIsVisible = 0;
			defaultConfigurationName = Release;
		};
/* End XCConfigurationList section */

/* Begin XCVersionGroup section */
		B67567972119FCD3000E2B74 /* CountDays.xcdatamodeld */ = {
			isa = XCVersionGroup;
			children = (
				B60E2C2B22160F8D00EAF376 /* CountDays v4.xcdatamodel */,
				B67C689F220E372E00C6D9D0 /* CountDays v3.xcdatamodel */,
				B6FCF59A220B9EDF00EE0909 /* CountDays v2.xcdatamodel */,
				B67567982119FCD3000E2B74 /* CountDays.xcdatamodel */,
			);
			currentVersion = B60E2C2B22160F8D00EAF376 /* CountDays v4.xcdatamodel */;
			path = CountDays.xcdatamodeld;
			sourceTree = "<group>";
			versionGroupType = wrapper.xcdatamodel;
		};
/* End XCVersionGroup section */
	};
	rootObject = B67567852119FCD3000E2B74 /* Project object */;
}
